
Microsoft Visual Studio Solution File, Format Version 12.00
# Visual Studio Version 17
VisualStudioVersion = 17.11.35208.52
MinimumVisualStudioVersion = 10.0.40219.1
Project("{8BC9CEB8-8B4A-11D0-8D11-00A0C91BC942}") = "RAP-cpp", "RAP-cpp\RAP-cpp.vcxproj", "{5E81A1A8-7EEF-4597-B8F0-DB8AC4C5BA1F}"
EndProject
Project("{2150E333-8FDC-42A3-9474-1A3956D46DE8}") = "Solution Files", "Solution Files", "{F325B618-C800-451F-BF79-F51BB8890C43}"
	ProjectSection(SolutionItems) = preProject
		.editorconfig = .editorconfig
		.gitignore = .gitignore
		.gitmodules = .gitmodules
		vcpkg.json = vcpkg.json
	EndProjectSection
EndProject
Global
	GlobalSection(SolutionConfigurationPlatforms) = preSolution
		Debug|x64 = Debug|x64
		Debug|x86 = Debug|x86
		Release|x64 = Release|x64
		Release|x86 = Release|x86
	EndGlobalSection
	GlobalSection(ProjectConfigurationPlatforms) = postSolution
		{5E81A1A8-7EEF-4597-B8F0-DB8AC4C5BA1F}.Debug|x64.ActiveCfg = Debug|x64
		{5E81A1A8-7EEF-4597-B8F0-DB8AC4C5BA1F}.Debug|x64.Build.0 = Debug|x64
		{5E81A1A8-7EEF-4597-B8F0-DB8AC4C5BA1F}.Debug|x86.ActiveCfg = Debug|Win32
		{5E81A1A8-7EEF-4597-B8F0-DB8AC4C5BA1F}.Debug|x86.Build.0 = Debug|Win32
		{5E81A1A8-7EEF-4597-B8F0-DB8AC4C5BA1F}.Release|x64.ActiveCfg = Release|x64
		{5E81A1A8-7EEF-4597-B8F0-DB8AC4C5BA1F}.Release|x64.Build.0 = Release|x64
		{5E81A1A8-7EEF-4597-B8F0-DB8AC4C5BA1F}.Release|x86.ActiveCfg = Release|Win32
		{5E81A1A8-7EEF-4597-B8F0-DB8AC4C5BA1F}.Release|x86.Build.0 = Release|Win32
	EndGlobalSection
	GlobalSection(SolutionProperties) = preSolution
		HideSolutionNode = FALSE
	EndGlobalSection
	GlobalSection(ExtensibilityGlobals) = postSolution
		SolutionGuid = {0BD70865-C8C9-4299-8508-034CB18FEBDD}
	EndGlobalSection
EndGlobal
